
Microsoft Visual Studio Solution File, Format Version 12.00
# Visual Studio Version 16
VisualStudioVersion = 16.0.31410.357
MinimumVisualStudioVersion = 10.0.40219.1
Project("{FAE04EC0-301F-11D3-BF4B-00C04F79EFBC}") = "MVCPractice", "MVCPractice\MVCPractice.csproj", "{50498202-6B4D-48A3-AACE-AF237C394962}"
EndProject
Global
	GlobalSection(SolutionConfigurationPlatforms) = preSolution
		Debug|Any CPU = Debug|Any CPU
		Release|Any CPU = Release|Any CPU
	EndGlobalSection
	GlobalSection(ProjectConfigurationPlatforms) = postSolution
		{50498202-6B4D-48A3-AACE-AF237C394962}.Debug|Any CPU.ActiveCfg = Debug|Any CPU
		{50498202-6B4D-48A3-AACE-AF237C394962}.Debug|Any CPU.Build.0 = Debug|Any CPU
		{50498202-6B4D-48A3-AACE-AF237C394962}.Release|Any CPU.ActiveCfg = Release|Any CPU
		{50498202-6B4D-48A3-AACE-AF237C394962}.Release|Any CPU.Build.0 = Release|Any CPU
	EndGlobalSection
	GlobalSection(SolutionProperties) = preSolution
		HideSolutionNode = FALSE
	EndGlobalSection
	GlobalSection(ExtensibilityGlobals) = postSolution
		SolutionGuid = {E3AC7013-A074-461B-8E9C-51CE107228A6}
	EndGlobalSection
EndGlobal
